
Microsoft Visual Studio Solution File, Format Version 12.00
# Visual Studio 2013
VisualStudioVersion = 12.0.30501.0
MinimumVisualStudioVersion = 10.0.40219.1
Project("{E24C65DC-7377-472B-9ABA-BC803B73C61A}") = "RepoWebsite", "http://localhost:55731", "{B4B9C9D3-D9D0-4EFF-A89E-F3C9BA099FAC}"
	ProjectSection(WebsiteProperties) = preProject
		UseIISExpress = "true"
		TargetFrameworkMoniker = ".NETFramework,Version%3Dv4.5"
		ProjectReferences = "{79efa211-787d-419a-b542-fa60274d9531}|eRestaurantSystem.dll;"
		Debug.AspNetCompiler.VirtualPath = "/localhost_55731"
		Debug.AspNetCompiler.PhysicalPath = "RepoWebsite\"
		Debug.AspNetCompiler.TargetPath = "PrecompiledWeb\localhost_55731\"
		Debug.AspNetCompiler.Updateable = "true"
		Debug.AspNetCompiler.ForceOverwrite = "true"
		Debug.AspNetCompiler.FixedNames = "false"
		Debug.AspNetCompiler.Debug = "True"
		Release.AspNetCompiler.VirtualPath = "/localhost_55731"
		Release.AspNetCompiler.PhysicalPath = "RepoWebsite\"
		Release.AspNetCompiler.TargetPath = "PrecompiledWeb\localhost_55731\"
		Release.AspNetCompiler.Updateable = "true"
		Release.AspNetCompiler.ForceOverwrite = "true"
		Release.AspNetCompiler.FixedNames = "false"
		Release.AspNetCompiler.Debug = "False"
		SlnRelativePath = "RepoWebsite\"
		DefaultWebSiteLanguage = "Visual C#"
	EndProjectSection
EndProject
Project("{FAE04EC0-301F-11D3-BF4B-00C04F79EFBC}") = "eRestaurantSystem", "eRestaurantSystem\eRestaurantSystem.csproj", "{79EFA211-787D-419A-B542-FA60274D9531}"
EndProject
Global
	GlobalSection(SolutionConfigurationPlatforms) = preSolution
		Debug|Any CPU = Debug|Any CPU
		Release|Any CPU = Release|Any CPU
	EndGlobalSection
	GlobalSection(ProjectConfigurationPlatforms) = postSolution
		{B4B9C9D3-D9D0-4EFF-A89E-F3C9BA099FAC}.Debug|Any CPU.ActiveCfg = Debug|Any CPU
		{B4B9C9D3-D9D0-4EFF-A89E-F3C9BA099FAC}.Debug|Any CPU.Build.0 = Debug|Any CPU
		{B4B9C9D3-D9D0-4EFF-A89E-F3C9BA099FAC}.Release|Any CPU.ActiveCfg = Debug|Any CPU
		{B4B9C9D3-D9D0-4EFF-A89E-F3C9BA099FAC}.Release|Any CPU.Build.0 = Debug|Any CPU
		{79EFA211-787D-419A-B542-FA60274D9531}.Debug|Any CPU.ActiveCfg = Debug|Any CPU
		{79EFA211-787D-419A-B542-FA60274D9531}.Debug|Any CPU.Build.0 = Debug|Any CPU
		{79EFA211-787D-419A-B542-FA60274D9531}.Release|Any CPU.ActiveCfg = Release|Any CPU
		{79EFA211-787D-419A-B542-FA60274D9531}.Release|Any CPU.Build.0 = Release|Any CPU
	EndGlobalSection
	GlobalSection(SolutionProperties) = preSolution
		HideSolutionNode = FALSE
	EndGlobalSection
EndGlobal
